
Microsoft Visual Studio Solution File, Format Version 12.00
# Visual Studio Version 17
VisualStudioVersion = 17.4.33103.184
MinimumVisualStudioVersion = 10.0.40219.1
Project("{9A19103F-16F7-4668-BE54-9A1E7A4F7556}") = "Controller", "Controller\Controller.csproj", "{0E3A3BB1-15D1-4A51-BC40-6ABF636604C4}"
EndProject
Project("{FAE04EC0-301F-11D3-BF4B-00C04F79EFBC}") = "Device", "Device\Device.csproj", "{982554FD-E53E-458D-B45C-D44B74E781B6}"
EndProject
Global
	GlobalSection(SolutionConfigurationPlatforms) = preSolution
		Debug|Any CPU = Debug|Any CPU
		Release|Any CPU = Release|Any CPU
	EndGlobalSection
	GlobalSection(ProjectConfigurationPlatforms) = postSolution
		{0E3A3BB1-15D1-4A51-BC40-6ABF636604C4}.Debug|Any CPU.ActiveCfg = Debug|Any CPU
		{0E3A3BB1-15D1-4A51-BC40-6ABF636604C4}.Debug|Any CPU.Build.0 = Debug|Any CPU
		{0E3A3BB1-15D1-4A51-BC40-6ABF636604C4}.Release|Any CPU.ActiveCfg = Release|Any CPU
		{0E3A3BB1-15D1-4A51-BC40-6ABF636604C4}.Release|Any CPU.Build.0 = Release|Any CPU
		{982554FD-E53E-458D-B45C-D44B74E781B6}.Debug|Any CPU.ActiveCfg = Debug|Any CPU
		{982554FD-E53E-458D-B45C-D44B74E781B6}.Debug|Any CPU.Build.0 = Debug|Any CPU
		{982554FD-E53E-458D-B45C-D44B74E781B6}.Release|Any CPU.ActiveCfg = Release|Any CPU
		{982554FD-E53E-458D-B45C-D44B74E781B6}.Release|Any CPU.Build.0 = Release|Any CPU
	EndGlobalSection
	GlobalSection(SolutionProperties) = preSolution
		HideSolutionNode = FALSE
	EndGlobalSection
	GlobalSection(ExtensibilityGlobals) = postSolution
		SolutionGuid = {9351D19C-889D-43C7-BA6C-ACF97A792815}
	EndGlobalSection
EndGlobal
